// !$*UTF8*$!
{
	archiveVersion = 1;
	classes = {
	};
	objectVersion = 56;
	objects = {

/* Begin PBXBuildFile section */
		CE504E6D2BFECDBF00C82DCB /* emotionViewController-solution.swift in Sources */ = {isa = PBXBuildFile; fileRef = CE504E6C2BFECDBF00C82DCB /* emotionViewController-solution.swift */; };
		CE504E6F2BFED9B400C82DCB /* HateViewController-solution.swift in Sources */ = {isa = PBXBuildFile; fileRef = CE504E6E2BFED9B400C82DCB /* HateViewController-solution.swift */; };
		CE504E712BFEEB2700C82DCB /* ModalViewController-solution.swift in Sources */ = {isa = PBXBuildFile; fileRef = CE504E702BFEEB2700C82DCB /* ModalViewController-solution.swift */; };
		CE504E732BFEEB3600C82DCB /* ShowViewController-solution.swift in Sources */ = {isa = PBXBuildFile; fileRef = CE504E722BFEEB3600C82DCB /* ShowViewController-solution.swift */; };
		CE504E772BFF06BF00C82DCB /* Search.storyboard in Resources */ = {isa = PBXBuildFile; fileRef = CE504E762BFF06BF00C82DCB /* Search.storyboard */; };
		CE504E792BFF07D300C82DCB /* Todo.storyboard in Resources */ = {isa = PBXBuildFile; fileRef = CE504E782BFF07D300C82DCB /* Todo.storyboard */; };
		CE504E7B2BFF162800C82DCB /* SimpleTableTableViewController.swift in Sources */ = {isa = PBXBuildFile; fileRef = CE504E7A2BFF162800C82DCB /* SimpleTableTableViewController.swift */; };
		CEB87B882BFD81110043C7F3 /* BMIViewController-solution.swift in Sources */ = {isa = PBXBuildFile; fileRef = CEB87B872BFD81110043C7F3 /* BMIViewController-solution.swift */; };
		CEB87B8B2BFD90600043C7F3 /* FSCalendar in Frameworks */ = {isa = PBXBuildFile; productRef = CEB87B8A2BFD90600043C7F3 /* FSCalendar */; };
		CEB87B8E2BFD90B70043C7F3 /* TextFieldEffects in Frameworks */ = {isa = PBXBuildFile; productRef = CEB87B8D2BFD90B70043C7F3 /* TextFieldEffects */; };
		CEB87B912BFD90E30043C7F3 /* Toast in Frameworks */ = {isa = PBXBuildFile; productRef = CEB87B902BFD90E30043C7F3 /* Toast */; };
		CECFEA9C2BFC9AF900922B50 /* BMIViewController.swift in Sources */ = {isa = PBXBuildFile; fileRef = CECFEA9B2BFC9AF900922B50 /* BMIViewController.swift */; };
		CEDB4A642BFA50E600C75BCE /* AppDelegate.swift in Sources */ = {isa = PBXBuildFile; fileRef = CEDB4A632BFA50E600C75BCE /* AppDelegate.swift */; };
		CEDB4A662BFA50E600C75BCE /* SceneDelegate.swift in Sources */ = {isa = PBXBuildFile; fileRef = CEDB4A652BFA50E600C75BCE /* SceneDelegate.swift */; };
		CEDB4A682BFA50E600C75BCE /* ViewController.swift in Sources */ = {isa = PBXBuildFile; fileRef = CEDB4A672BFA50E600C75BCE /* ViewController.swift */; };
		CEDB4A6B2BFA50E600C75BCE /* Base in Resources */ = {isa = PBXBuildFile; fileRef = CEDB4A6A2BFA50E600C75BCE /* Base */; };
		CEDB4A6D2BFA50E700C75BCE /* Assets.xcassets in Resources */ = {isa = PBXBuildFile; fileRef = CEDB4A6C2BFA50E700C75BCE /* Assets.xcassets */; };
		CEDB4A702BFA50E700C75BCE /* Base in Resources */ = {isa = PBXBuildFile; fileRef = CEDB4A6F2BFA50E700C75BCE /* Base */; };
		CEDB4A7A2BFA57AF00C75BCE /* newWordViewController.swift in Sources */ = {isa = PBXBuildFile; fileRef = CEDB4A792BFA57AF00C75BCE /* newWordViewController.swift */; };
		CEDB4A7C2BFA70C700C75BCE /* emotionViewController.swift in Sources */ = {isa = PBXBuildFile; fileRef = CEDB4A7B2BFA70C700C75BCE /* emotionViewController.swift */; };
/* End PBXBuildFile section */

/* Begin PBXFileReference section */
		CE504E6C2BFECDBF00C82DCB /* emotionViewController-solution.swift */ = {isa = PBXFileReference; lastKnownFileType = sourcecode.swift; path = "emotionViewController-solution.swift"; sourceTree = "<group>"; };
		CE504E6E2BFED9B400C82DCB /* HateViewController-solution.swift */ = {isa = PBXFileReference; lastKnownFileType = sourcecode.swift; path = "HateViewController-solution.swift"; sourceTree = "<group>"; };
		CE504E702BFEEB2700C82DCB /* ModalViewController-solution.swift */ = {isa = PBXFileReference; lastKnownFileType = sourcecode.swift; path = "ModalViewController-solution.swift"; sourceTree = "<group>"; };
		CE504E722BFEEB3600C82DCB /* ShowViewController-solution.swift */ = {isa = PBXFileReference; lastKnownFileType = sourcecode.swift; path = "ShowViewController-solution.swift"; sourceTree = "<group>"; };
		CE504E762BFF06BF00C82DCB /* Search.storyboard */ = {isa = PBXFileReference; lastKnownFileType = file.storyboard; path = Search.storyboard; sourceTree = "<group>"; };
		CE504E782BFF07D300C82DCB /* Todo.storyboard */ = {isa = PBXFileReference; lastKnownFileType = file.storyboard; path = Todo.storyboard; sourceTree = "<group>"; };
		CE504E7A2BFF162800C82DCB /* SimpleTableTableViewController.swift */ = {isa = PBXFileReference; lastKnownFileType = sourcecode.swift; path = SimpleTableTableViewController.swift; sourceTree = "<group>"; };
		CEB87B872BFD81110043C7F3 /* BMIViewController-solution.swift */ = {isa = PBXFileReference; lastKnownFileType = sourcecode.swift; path = "BMIViewController-solution.swift"; sourceTree = "<group>"; };
		CECFEA9B2BFC9AF900922B50 /* BMIViewController.swift */ = {isa = PBXFileReference; lastKnownFileType = sourcecode.swift; path = BMIViewController.swift; sourceTree = "<group>"; };
		CEDB4A602BFA50E600C75BCE /* SeSAC-Assignment-4.app */ = {isa = PBXFileReference; explicitFileType = wrapper.application; includeInIndex = 0; path = "SeSAC-Assignment-4.app"; sourceTree = BUILT_PRODUCTS_DIR; };
		CEDB4A632BFA50E600C75BCE /* AppDelegate.swift */ = {isa = PBXFileReference; lastKnownFileType = sourcecode.swift; path = AppDelegate.swift; sourceTree = "<group>"; };
		CEDB4A652BFA50E600C75BCE /* SceneDelegate.swift */ = {isa = PBXFileReference; lastKnownFileType = sourcecode.swift; path = SceneDelegate.swift; sourceTree = "<group>"; };
		CEDB4A672BFA50E600C75BCE /* ViewController.swift */ = {isa = PBXFileReference; lastKnownFileType = sourcecode.swift; path = ViewController.swift; sourceTree = "<group>"; };
		CEDB4A6A2BFA50E600C75BCE /* Base */ = {isa = PBXFileReference; lastKnownFileType = file.storyboard; name = Base; path = Base.lproj/Main.storyboard; sourceTree = "<group>"; };
		CEDB4A6C2BFA50E700C75BCE /* Assets.xcassets */ = {isa = PBXFileReference; lastKnownFileType = folder.assetcatalog; path = Assets.xcassets; sourceTree = "<group>"; };
		CEDB4A6F2BFA50E700C75BCE /* Base */ = {isa = PBXFileReference; lastKnownFileType = file.storyboard; name = Base; path = Base.lproj/LaunchScreen.storyboard; sourceTree = "<group>"; };
		CEDB4A712BFA50E700C75BCE /* Info.plist */ = {isa = PBXFileReference; lastKnownFileType = text.plist.xml; path = Info.plist; sourceTree = "<group>"; };
		CEDB4A792BFA57AF00C75BCE /* newWordViewController.swift */ = {isa = PBXFileReference; lastKnownFileType = sourcecode.swift; path = newWordViewController.swift; sourceTree = "<group>"; };
		CEDB4A7B2BFA70C700C75BCE /* emotionViewController.swift */ = {isa = PBXFileReference; lastKnownFileType = sourcecode.swift; path = emotionViewController.swift; sourceTree = "<group>"; };
/* End PBXFileReference section */

/* Begin PBXFrameworksBuildPhase section */
		CEDB4A5D2BFA50E600C75BCE /* Frameworks */ = {
			isa = PBXFrameworksBuildPhase;
			buildActionMask = 2147483647;
			files = (
				CEB87B912BFD90E30043C7F3 /* Toast in Frameworks */,
				CEB87B8B2BFD90600043C7F3 /* FSCalendar in Frameworks */,
				CEB87B8E2BFD90B70043C7F3 /* TextFieldEffects in Frameworks */,
			);
			runOnlyForDeploymentPostprocessing = 0;
		};
/* End PBXFrameworksBuildPhase section */

/* Begin PBXGroup section */
		CEDB4A572BFA50E600C75BCE = {
			isa = PBXGroup;
			children = (
				CEDB4A622BFA50E600C75BCE /* SeSAC-Assignment-4 */,
				CEDB4A612BFA50E600C75BCE /* Products */,
			);
			sourceTree = "<group>";
		};
		CEDB4A612BFA50E600C75BCE /* Products */ = {
			isa = PBXGroup;
			children = (
				CEDB4A602BFA50E600C75BCE /* SeSAC-Assignment-4.app */,
			);
			name = Products;
			sourceTree = "<group>";
		};
		CEDB4A622BFA50E600C75BCE /* SeSAC-Assignment-4 */ = {
			isa = PBXGroup;
			children = (
				CEDB4A782BFA577200C75BCE /* Codes */,
				CEDB4A632BFA50E600C75BCE /* AppDelegate.swift */,
				CEDB4A652BFA50E600C75BCE /* SceneDelegate.swift */,
				CEDB4A672BFA50E600C75BCE /* ViewController.swift */,
				CEDB4A692BFA50E600C75BCE /* Main.storyboard */,
				CEDB4A6C2BFA50E700C75BCE /* Assets.xcassets */,
				CEDB4A6E2BFA50E700C75BCE /* LaunchScreen.storyboard */,
				CEDB4A712BFA50E700C75BCE /* Info.plist */,
				CE504E782BFF07D300C82DCB /* Todo.storyboard */,
				CE504E762BFF06BF00C82DCB /* Search.storyboard */,
			);
			path = "SeSAC-Assignment-4";
			sourceTree = "<group>";
		};
		CEDB4A782BFA577200C75BCE /* Codes */ = {
			isa = PBXGroup;
			children = (
				CEDB4A792BFA57AF00C75BCE /* newWordViewController.swift */,
				CEDB4A7B2BFA70C700C75BCE /* emotionViewController.swift */,
				CECFEA9B2BFC9AF900922B50 /* BMIViewController.swift */,
				CEB87B872BFD81110043C7F3 /* BMIViewController-solution.swift */,
				CE504E6C2BFECDBF00C82DCB /* emotionViewController-solution.swift */,
				CE504E6E2BFED9B400C82DCB /* HateViewController-solution.swift */,
				CE504E702BFEEB2700C82DCB /* ModalViewController-solution.swift */,
				CE504E722BFEEB3600C82DCB /* ShowViewController-solution.swift */,
				CE504E7A2BFF162800C82DCB /* SimpleTableTableViewController.swift */,
			);
			path = Codes;
			sourceTree = "<group>";
		};
/* End PBXGroup section */

/* Begin PBXNativeTarget section */
		CEDB4A5F2BFA50E600C75BCE /* SeSAC-Assignment-4 */ = {
			isa = PBXNativeTarget;
			buildConfigurationList = CEDB4A742BFA50E700C75BCE /* Build configuration list for PBXNativeTarget "SeSAC-Assignment-4" */;
			buildPhases = (
				CEDB4A5C2BFA50E600C75BCE /* Sources */,
				CEDB4A5D2BFA50E600C75BCE /* Frameworks */,
				CEDB4A5E2BFA50E600C75BCE /* Resources */,
			);
			buildRules = (
			);
			dependencies = (
			);
			name = "SeSAC-Assignment-4";
			packageProductDependencies = (
				CEB87B8A2BFD90600043C7F3 /* FSCalendar */,
				CEB87B8D2BFD90B70043C7F3 /* TextFieldEffects */,
				CEB87B902BFD90E30043C7F3 /* Toast */,
			);
			productName = "SeSAC-Assignment-4";
			productReference = CEDB4A602BFA50E600C75BCE /* SeSAC-Assignment-4.app */;
			productType = "com.apple.product-type.application";
		};
/* End PBXNativeTarget section */

/* Begin PBXProject section */
		CEDB4A582BFA50E600C75BCE /* Project object */ = {
			isa = PBXProject;
			attributes = {
				BuildIndependentTargetsInParallel = 1;
				LastSwiftUpdateCheck = 1530;
				LastUpgradeCheck = 1530;
				TargetAttributes = {
					CEDB4A5F2BFA50E600C75BCE = {
						CreatedOnToolsVersion = 15.3;
					};
				};
			};
			buildConfigurationList = CEDB4A5B2BFA50E600C75BCE /* Build configuration list for PBXProject "SeSAC-Assignment-4" */;
			compatibilityVersion = "Xcode 14.0";
			developmentRegion = en;
			hasScannedForEncodings = 0;
			knownRegions = (
				en,
				Base,
			);
			mainGroup = CEDB4A572BFA50E600C75BCE;
			packageReferences = (
				CEB87B892BFD90600043C7F3 /* XCRemoteSwiftPackageReference "FSCalendar" */,
				CEB87B8C2BFD90B70043C7F3 /* XCRemoteSwiftPackageReference "TextFieldEffects" */,
				CEB87B8F2BFD90E30043C7F3 /* XCRemoteSwiftPackageReference "Toast-Swift" */,
			);
			productRefGroup = CEDB4A612BFA50E600C75BCE /* Products */;
			projectDirPath = "";
			projectRoot = "";
			targets = (
				CEDB4A5F2BFA50E600C75BCE /* SeSAC-Assignment-4 */,
			);
		};
/* End PBXProject section */

/* Begin PBXResourcesBuildPhase section */
		CEDB4A5E2BFA50E600C75BCE /* Resources */ = {
			isa = PBXResourcesBuildPhase;
			buildActionMask = 2147483647;
			files = (
				CEDB4A6D2BFA50E700C75BCE /* Assets.xcassets in Resources */,
				CE504E792BFF07D300C82DCB /* Todo.storyboard in Resources */,
				CEDB4A702BFA50E700C75BCE /* Base in Resources */,
				CEDB4A6B2BFA50E600C75BCE /* Base in Resources */,
				CE504E772BFF06BF00C82DCB /* Search.storyboard in Resources */,
			);
			runOnlyForDeploymentPostprocessing = 0;
		};
/* End PBXResourcesBuildPhase section */

/* Begin PBXSourcesBuildPhase section */
		CEDB4A5C2BFA50E600C75BCE /* Sources */ = {
			isa = PBXSourcesBuildPhase;
			buildActionMask = 2147483647;
			files = (
				CEDB4A682BFA50E600C75BCE /* ViewController.swift in Sources */,
				CE504E6F2BFED9B400C82DCB /* HateViewController-solution.swift in Sources */,
				CEB87B882BFD81110043C7F3 /* BMIViewController-solution.swift in Sources */,
				CE504E712BFEEB2700C82DCB /* ModalViewController-solution.swift in Sources */,
				CE504E7B2BFF162800C82DCB /* SimpleTableTableViewController.swift in Sources */,
				CE504E732BFEEB3600C82DCB /* ShowViewController-solution.swift in Sources */,
				CECFEA9C2BFC9AF900922B50 /* BMIViewController.swift in Sources */,
				CE504E6D2BFECDBF00C82DCB /* emotionViewController-solution.swift in Sources */,
				CEDB4A7C2BFA70C700C75BCE /* emotionViewController.swift in Sources */,
				CEDB4A642BFA50E600C75BCE /* AppDelegate.swift in Sources */,
				CEDB4A662BFA50E600C75BCE /* SceneDelegate.swift in Sources */,
				CEDB4A7A2BFA57AF00C75BCE /* newWordViewController.swift in Sources */,
			);
			runOnlyForDeploymentPostprocessing = 0;
		};
/* End PBXSourcesBuildPhase section */

/* Begin PBXVariantGroup section */
		CEDB4A692BFA50E600C75BCE /* Main.storyboard */ = {
			isa = PBXVariantGroup;
			children = (
				CEDB4A6A2BFA50E600C75BCE /* Base */,
			);
			name = Main.storyboard;
			sourceTree = "<group>";
		};
		CEDB4A6E2BFA50E700C75BCE /* LaunchScreen.storyboard */ = {
			isa = PBXVariantGroup;
			children = (
				CEDB4A6F2BFA50E700C75BCE /* Base */,
			);
			name = LaunchScreen.storyboard;
			sourceTree = "<group>";
		};
/* End PBXVariantGroup section */

/* Begin XCBuildConfiguration section */
		CEDB4A722BFA50E700C75BCE /* Debug */ = {
			isa = XCBuildConfiguration;
			buildSettings = {
				ALWAYS_SEARCH_USER_PATHS = NO;
				ASSETCATALOG_COMPILER_GENERATE_SWIFT_ASSET_SYMBOL_EXTENSIONS = YES;
				CLANG_ANALYZER_NONNULL = YES;
				CLANG_ANALYZER_NUMBER_OBJECT_CONVERSION = YES_AGGRESSIVE;
				CLANG_CXX_LANGUAGE_STANDARD = "gnu++20";
				CLANG_ENABLE_MODULES = YES;
				CLANG_ENABLE_OBJC_ARC = YES;
				CLANG_ENABLE_OBJC_WEAK = YES;
				CLANG_WARN_BLOCK_CAPTURE_AUTORELEASING = YES;
				CLANG_WARN_BOOL_CONVERSION = YES;
				CLANG_WARN_COMMA = YES;
				CLANG_WARN_CONSTANT_CONVERSION = YES;
				CLANG_WARN_DEPRECATED_OBJC_IMPLEMENTATIONS = YES;
				CLANG_WARN_DIRECT_OBJC_ISA_USAGE = YES_ERROR;
				CLANG_WARN_DOCUMENTATION_COMMENTS = YES;
				CLANG_WARN_EMPTY_BODY = YES;
				CLANG_WARN_ENUM_CONVERSION = YES;
				CLANG_WARN_INFINITE_RECURSION = YES;
				CLANG_WARN_INT_CONVERSION = YES;
				CLANG_WARN_NON_LITERAL_NULL_CONVERSION = YES;
				CLANG_WARN_OBJC_IMPLICIT_RETAIN_SELF = YES;
				CLANG_WARN_OBJC_LITERAL_CONVERSION = YES;
				CLANG_WARN_OBJC_ROOT_CLASS = YES_ERROR;
				CLANG_WARN_QUOTED_INCLUDE_IN_FRAMEWORK_HEADER = YES;
				CLANG_WARN_RANGE_LOOP_ANALYSIS = YES;
				CLANG_WARN_STRICT_PROTOTYPES = YES;
				CLANG_WARN_SUSPICIOUS_MOVE = YES;
				CLANG_WARN_UNGUARDED_AVAILABILITY = YES_AGGRESSIVE;
				CLANG_WARN_UNREACHABLE_CODE = YES;
				CLANG_WARN__DUPLICATE_METHOD_MATCH = YES;
				COPY_PHASE_STRIP = NO;
				DEBUG_INFORMATION_FORMAT = dwarf;
				ENABLE_STRICT_OBJC_MSGSEND = YES;
				ENABLE_TESTABILITY = YES;
				ENABLE_USER_SCRIPT_SANDBOXING = YES;
				GCC_C_LANGUAGE_STANDARD = gnu17;
				GCC_DYNAMIC_NO_PIC = NO;
				GCC_NO_COMMON_BLOCKS = YES;
				GCC_OPTIMIZATION_LEVEL = 0;
				GCC_PREPROCESSOR_DEFINITIONS = (
					"DEBUG=1",
					"$(inherited)",
				);
				GCC_WARN_64_TO_32_BIT_CONVERSION = YES;
				GCC_WARN_ABOUT_RETURN_TYPE = YES_ERROR;
				GCC_WARN_UNDECLARED_SELECTOR = YES;
				GCC_WARN_UNINITIALIZED_AUTOS = YES_AGGRESSIVE;
				GCC_WARN_UNUSED_FUNCTION = YES;
				GCC_WARN_UNUSED_VARIABLE = YES;
				IPHONEOS_DEPLOYMENT_TARGET = 17.4;
				LOCALIZATION_PREFERS_STRING_CATALOGS = YES;
				MTL_ENABLE_DEBUG_INFO = INCLUDE_SOURCE;
				MTL_FAST_MATH = YES;
				ONLY_ACTIVE_ARCH = YES;
				SDKROOT = iphoneos;
				SWIFT_ACTIVE_COMPILATION_CONDITIONS = "DEBUG $(inherited)";
				SWIFT_OPTIMIZATION_LEVEL = "-Onone";
			};
			name = Debug;
		};
		CEDB4A732BFA50E700C75BCE /* Release */ = {
			isa = XCBuildConfiguration;
			buildSettings = {
				ALWAYS_SEARCH_USER_PATHS = NO;
				ASSETCATALOG_COMPILER_GENERATE_SWIFT_ASSET_SYMBOL_EXTENSIONS = YES;
				CLANG_ANALYZER_NONNULL = YES;
				CLANG_ANALYZER_NUMBER_OBJECT_CONVERSION = YES_AGGRESSIVE;
				CLANG_CXX_LANGUAGE_STANDARD = "gnu++20";
				CLANG_ENABLE_MODULES = YES;
				CLANG_ENABLE_OBJC_ARC = YES;
				CLANG_ENABLE_OBJC_WEAK = YES;
				CLANG_WARN_BLOCK_CAPTURE_AUTORELEASING = YES;
				CLANG_WARN_BOOL_CONVERSION = YES;
				CLANG_WARN_COMMA = YES;
				CLANG_WARN_CONSTANT_CONVERSION = YES;
				CLANG_WARN_DEPRECATED_OBJC_IMPLEMENTATIONS = YES;
				CLANG_WARN_DIRECT_OBJC_ISA_USAGE = YES_ERROR;
				CLANG_WARN_DOCUMENTATION_COMMENTS = YES;
				CLANG_WARN_EMPTY_BODY = YES;
				CLANG_WARN_ENUM_CONVERSION = YES;
				CLANG_WARN_INFINITE_RECURSION = YES;
				CLANG_WARN_INT_CONVERSION = YES;
				CLANG_WARN_NON_LITERAL_NULL_CONVERSION = YES;
				CLANG_WARN_OBJC_IMPLICIT_RETAIN_SELF = YES;
				CLANG_WARN_OBJC_LITERAL_CONVERSION = YES;
				CLANG_WARN_OBJC_ROOT_CLASS = YES_ERROR;
				CLANG_WARN_QUOTED_INCLUDE_IN_FRAMEWORK_HEADER = YES;
				CLANG_WARN_RANGE_LOOP_ANALYSIS = YES;
				CLANG_WARN_STRICT_PROTOTYPES = YES;
				CLANG_WARN_SUSPICIOUS_MOVE = YES;
				CLANG_WARN_UNGUARDED_AVAILABILITY = YES_AGGRESSIVE;
				CLANG_WARN_UNREACHABLE_CODE = YES;
				CLANG_WARN__DUPLICATE_METHOD_MATCH = YES;
				COPY_PHASE_STRIP = NO;
				DEBUG_INFORMATION_FORMAT = "dwarf-with-dsym";
				ENABLE_NS_ASSERTIONS = NO;
				ENABLE_STRICT_OBJC_MSGSEND = YES;
				ENABLE_USER_SCRIPT_SANDBOXING = YES;
				GCC_C_LANGUAGE_STANDARD = gnu17;
				GCC_NO_COMMON_BLOCKS = YES;
				GCC_WARN_64_TO_32_BIT_CONVERSION = YES;
				GCC_WARN_ABOUT_RETURN_TYPE = YES_ERROR;
				GCC_WARN_UNDECLARED_SELECTOR = YES;
				GCC_WARN_UNINITIALIZED_AUTOS = YES_AGGRESSIVE;
				GCC_WARN_UNUSED_FUNCTION = YES;
				GCC_WARN_UNUSED_VARIABLE = YES;
				IPHONEOS_DEPLOYMENT_TARGET = 17.4;
				LOCALIZATION_PREFERS_STRING_CATALOGS = YES;
				MTL_ENABLE_DEBUG_INFO = NO;
				MTL_FAST_MATH = YES;
				SDKROOT = iphoneos;
				SWIFT_COMPILATION_MODE = wholemodule;
				VALIDATE_PRODUCT = YES;
			};
			name = Release;
		};
		CEDB4A752BFA50E700C75BCE /* Debug */ = {
			isa = XCBuildConfiguration;
			buildSettings = {
				ASSETCATALOG_COMPILER_APPICON_NAME = AppIcon;
				ASSETCATALOG_COMPILER_GLOBAL_ACCENT_COLOR_NAME = AccentColor;
				CODE_SIGN_STYLE = Automatic;
				CURRENT_PROJECT_VERSION = 1;
				DEVELOPMENT_TEAM = 9RL93J625H;
				GENERATE_INFOPLIST_FILE = YES;
				INFOPLIST_FILE = "SeSAC-Assignment-4/Info.plist";
				INFOPLIST_KEY_UIApplicationSupportsIndirectInputEvents = YES;
				INFOPLIST_KEY_UILaunchStoryboardName = LaunchScreen;
				INFOPLIST_KEY_UIMainStoryboardFile = Main;
				INFOPLIST_KEY_UISupportedInterfaceOrientations_iPad = "UIInterfaceOrientationPortrait UIInterfaceOrientationPortraitUpsideDown UIInterfaceOrientationLandscapeLeft UIInterfaceOrientationLandscapeRight";
				INFOPLIST_KEY_UISupportedInterfaceOrientations_iPhone = "UIInterfaceOrientationPortrait UIInterfaceOrientationLandscapeLeft UIInterfaceOrientationLandscapeRight";
				LD_RUNPATH_SEARCH_PATHS = (
					"$(inherited)",
					"@executable_path/Frameworks",
				);
				MARKETING_VERSION = 1.0;
				PRODUCT_BUNDLE_IDENTIFIER = "com.sesac.SeSAC-Assignment-4";
				PRODUCT_NAME = "$(TARGET_NAME)";
				SWIFT_EMIT_LOC_STRINGS = YES;
				SWIFT_VERSION = 5.0;
				TARGETED_DEVICE_FAMILY = "1,2";
			};
			name = Debug;
		};
		CEDB4A762BFA50E700C75BCE /* Release */ = {
			isa = XCBuildConfiguration;
			buildSettings = {
				ASSETCATALOG_COMPILER_APPICON_NAME = AppIcon;
				ASSETCATALOG_COMPILER_GLOBAL_ACCENT_COLOR_NAME = AccentColor;
				CODE_SIGN_STYLE = Automatic;
				CURRENT_PROJECT_VERSION = 1;
				DEVELOPMENT_TEAM = 9RL93J625H;
				GENERATE_INFOPLIST_FILE = YES;
				INFOPLIST_FILE = "SeSAC-Assignment-4/Info.plist";
				INFOPLIST_KEY_UIApplicationSupportsIndirectInputEvents = YES;
				INFOPLIST_KEY_UILaunchStoryboardName = LaunchScreen;
				INFOPLIST_KEY_UIMainStoryboardFile = Main;
				INFOPLIST_KEY_UISupportedInterfaceOrientations_iPad = "UIInterfaceOrientationPortrait UIInterfaceOrientationPortraitUpsideDown UIInterfaceOrientationLandscapeLeft UIInterfaceOrientationLandscapeRight";
				INFOPLIST_KEY_UISupportedInterfaceOrientations_iPhone = "UIInterfaceOrientationPortrait UIInterfaceOrientationLandscapeLeft UIInterfaceOrientationLandscapeRight";
				LD_RUNPATH_SEARCH_PATHS = (
					"$(inherited)",
					"@executable_path/Frameworks",
				);
				MARKETING_VERSION = 1.0;
				PRODUCT_BUNDLE_IDENTIFIER = "com.sesac.SeSAC-Assignment-4";
				PRODUCT_NAME = "$(TARGET_NAME)";
				SWIFT_EMIT_LOC_STRINGS = YES;
				SWIFT_VERSION = 5.0;
				TARGETED_DEVICE_FAMILY = "1,2";
			};
			name = Release;
		};
/* End XCBuildConfiguration section */

/* Begin XCConfigurationList section */
		CEDB4A5B2BFA50E600C75BCE /* Build configuration list for PBXProject "SeSAC-Assignment-4" */ = {
			isa = XCConfigurationList;
			buildConfigurations = (
				CEDB4A722BFA50E700C75BCE /* Debug */,
				CEDB4A732BFA50E700C75BCE /* Release */,
			);
			defaultConfigurationIsVisible = 0;
			defaultConfigurationName = Release;
		};
		CEDB4A742BFA50E700C75BCE /* Build configuration list for PBXNativeTarget "SeSAC-Assignment-4" */ = {
			isa = XCConfigurationList;
			buildConfigurations = (
				CEDB4A752BFA50E700C75BCE /* Debug */,
				CEDB4A762BFA50E700C75BCE /* Release */,
			);
			defaultConfigurationIsVisible = 0;
			defaultConfigurationName = Release;
		};
/* End XCConfigurationList section */

/* Begin XCRemoteSwiftPackageReference section */
		CEB87B892BFD90600043C7F3 /* XCRemoteSwiftPackageReference "FSCalendar" */ = {
			isa = XCRemoteSwiftPackageReference;
			repositoryURL = "https://github.com/WenchaoD/FSCalendar.git";
			requirement = {
				kind = upToNextMajorVersion;
				minimumVersion = 2.8.4;
			};
		};
		CEB87B8C2BFD90B70043C7F3 /* XCRemoteSwiftPackageReference "TextFieldEffects" */ = {
			isa = XCRemoteSwiftPackageReference;
			repositoryURL = "https://github.com/raulriera/TextFieldEffects.git";
			requirement = {
				kind = upToNextMajorVersion;
				minimumVersion = 1.7.0;
			};
		};
		CEB87B8F2BFD90E30043C7F3 /* XCRemoteSwiftPackageReference "Toast-Swift" */ = {
			isa = XCRemoteSwiftPackageReference;
			repositoryURL = "https://github.com/scalessec/Toast-Swift.git";
			requirement = {
				kind = upToNextMajorVersion;
				minimumVersion = 5.1.1;
			};
		};
/* End XCRemoteSwiftPackageReference section */

/* Begin XCSwiftPackageProductDependency section */
		CEB87B8A2BFD90600043C7F3 /* FSCalendar */ = {
			isa = XCSwiftPackageProductDependency;
			package = CEB87B892BFD90600043C7F3 /* XCRemoteSwiftPackageReference "FSCalendar" */;
			productName = FSCalendar;
		};
		CEB87B8D2BFD90B70043C7F3 /* TextFieldEffects */ = {
			isa = XCSwiftPackageProductDependency;
			package = CEB87B8C2BFD90B70043C7F3 /* XCRemoteSwiftPackageReference "TextFieldEffects" */;
			productName = TextFieldEffects;
		};
		CEB87B902BFD90E30043C7F3 /* Toast */ = {
			isa = XCSwiftPackageProductDependency;
			package = CEB87B8F2BFD90E30043C7F3 /* XCRemoteSwiftPackageReference "Toast-Swift" */;
			productName = Toast;
		};
/* End XCSwiftPackageProductDependency section */
	};
	rootObject = CEDB4A582BFA50E600C75BCE /* Project object */;
}
